// !$*UTF8*$!
{
	archiveVersion = 1;
	classes = {
	};
	objectVersion = 55;
	objects = {

/* Begin PBXBuildFile section */
		8769DD5628C0A9C8009C8566 /* ActionsCollectionVC.swift in Sources */ = {isa = PBXBuildFile; fileRef = 8769DD5528C0A9C8009C8566 /* ActionsCollectionVC.swift */; };
		8769DD5828C0AAF8009C8566 /* ActionCollectionViewCell.swift in Sources */ = {isa = PBXBuildFile; fileRef = 8769DD5728C0AAF8009C8566 /* ActionCollectionViewCell.swift */; };
		8769DD5C28C0B529009C8566 /* ImageVC.swift in Sources */ = {isa = PBXBuildFile; fileRef = 8769DD5B28C0B529009C8566 /* ImageVC.swift */; };
		8769DD6128C0BFC6009C8566 /* UsersTVC.swift in Sources */ = {isa = PBXBuildFile; fileRef = 8769DD6028C0BFC6009C8566 /* UsersTVC.swift */; };
		8769DD6328C0C1EA009C8566 /* Models.swift in Sources */ = {isa = PBXBuildFile; fileRef = 8769DD6228C0C1EA009C8566 /* Models.swift */; };
		87C256F128BF70AA00894C0C /* AppDelegate.swift in Sources */ = {isa = PBXBuildFile; fileRef = 87C256F028BF70AA00894C0C /* AppDelegate.swift */; };
		87C256F328BF70AA00894C0C /* SceneDelegate.swift in Sources */ = {isa = PBXBuildFile; fileRef = 87C256F228BF70AA00894C0C /* SceneDelegate.swift */; };
		87C256F828BF70AA00894C0C /* Main.storyboard in Resources */ = {isa = PBXBuildFile; fileRef = 87C256F628BF70AA00894C0C /* Main.storyboard */; };
		87C256FA28BF70B000894C0C /* Assets.xcassets in Resources */ = {isa = PBXBuildFile; fileRef = 87C256F928BF70B000894C0C /* Assets.xcassets */; };
		87C256FD28BF70B000894C0C /* LaunchScreen.storyboard in Resources */ = {isa = PBXBuildFile; fileRef = 87C256FB28BF70B000894C0C /* LaunchScreen.storyboard */; };
/* End PBXBuildFile section */

/* Begin PBXFileReference section */
		8769DD5528C0A9C8009C8566 /* ActionsCollectionVC.swift */ = {isa = PBXFileReference; lastKnownFileType = sourcecode.swift; path = ActionsCollectionVC.swift; sourceTree = "<group>"; };
		8769DD5728C0AAF8009C8566 /* ActionCollectionViewCell.swift */ = {isa = PBXFileReference; lastKnownFileType = sourcecode.swift; path = ActionCollectionViewCell.swift; sourceTree = "<group>"; };
		8769DD5B28C0B529009C8566 /* ImageVC.swift */ = {isa = PBXFileReference; lastKnownFileType = sourcecode.swift; path = ImageVC.swift; sourceTree = "<group>"; };
		8769DD6028C0BFC6009C8566 /* UsersTVC.swift */ = {isa = PBXFileReference; lastKnownFileType = sourcecode.swift; path = UsersTVC.swift; sourceTree = "<group>"; };
		8769DD6228C0C1EA009C8566 /* Models.swift */ = {isa = PBXFileReference; lastKnownFileType = sourcecode.swift; path = Models.swift; sourceTree = "<group>"; };
		87C256ED28BF70AA00894C0C /* NetwoorkApp.app */ = {isa = PBXFileReference; explicitFileType = wrapper.application; includeInIndex = 0; path = NetwoorkApp.app; sourceTree = BUILT_PRODUCTS_DIR; };
		87C256F028BF70AA00894C0C /* AppDelegate.swift */ = {isa = PBXFileReference; lastKnownFileType = sourcecode.swift; path = AppDelegate.swift; sourceTree = "<group>"; };
		87C256F228BF70AA00894C0C /* SceneDelegate.swift */ = {isa = PBXFileReference; lastKnownFileType = sourcecode.swift; path = SceneDelegate.swift; sourceTree = "<group>"; };
		87C256F728BF70AA00894C0C /* Base */ = {isa = PBXFileReference; lastKnownFileType = file.storyboard; name = Base; path = Base.lproj/Main.storyboard; sourceTree = "<group>"; };
		87C256F928BF70B000894C0C /* Assets.xcassets */ = {isa = PBXFileReference; lastKnownFileType = folder.assetcatalog; path = Assets.xcassets; sourceTree = "<group>"; };
		87C256FC28BF70B000894C0C /* Base */ = {isa = PBXFileReference; lastKnownFileType = file.storyboard; name = Base; path = Base.lproj/LaunchScreen.storyboard; sourceTree = "<group>"; };
		87C256FE28BF70B000894C0C /* Info.plist */ = {isa = PBXFileReference; lastKnownFileType = text.plist.xml; path = Info.plist; sourceTree = "<group>"; };
/* End PBXFileReference section */

/* Begin PBXFrameworksBuildPhase section */
		87C256EA28BF70AA00894C0C /* Frameworks */ = {
			isa = PBXFrameworksBuildPhase;
			buildActionMask = 2147483647;
			files = (
			);
			runOnlyForDeploymentPostprocessing = 0;
		};
/* End PBXFrameworksBuildPhase section */

/* Begin PBXGroup section */
		8769DD5428C0A72C009C8566 /* Models */ = {
			isa = PBXGroup;
			children = (
				8769DD6228C0C1EA009C8566 /* Models.swift */,
			);
			path = Models;
			sourceTree = "<group>";
		};
		8769DD5928C0B481009C8566 /* Actions */ = {
			isa = PBXGroup;
			children = (
				8769DD5528C0A9C8009C8566 /* ActionsCollectionVC.swift */,
				8769DD5728C0AAF8009C8566 /* ActionCollectionViewCell.swift */,
			);
			path = Actions;
			sourceTree = "<group>";
		};
		8769DD5A28C0B4E9009C8566 /* ImageView */ = {
			isa = PBXGroup;
			children = (
				8769DD5B28C0B529009C8566 /* ImageVC.swift */,
			);
			path = ImageView;
			sourceTree = "<group>";
		};
		8769DD5D28C0BE57009C8566 /* Users */ = {
			isa = PBXGroup;
			children = (
				8769DD6028C0BFC6009C8566 /* UsersTVC.swift */,
			);
			path = Users;
			sourceTree = "<group>";
		};
		87C256E428BF70AA00894C0C = {
			isa = PBXGroup;
			children = (
				87C256EF28BF70AA00894C0C /* NetwoorkApp */,
				87C256EE28BF70AA00894C0C /* Products */,
			);
			sourceTree = "<group>";
		};
		87C256EE28BF70AA00894C0C /* Products */ = {
			isa = PBXGroup;
			children = (
				87C256ED28BF70AA00894C0C /* NetwoorkApp.app */,
			);
			name = Products;
			sourceTree = "<group>";
		};
		87C256EF28BF70AA00894C0C /* NetwoorkApp */ = {
			isa = PBXGroup;
			children = (
				87C2570528BF712400894C0C /* Conrollers */,
				8769DD5428C0A72C009C8566 /* Models */,
				87C2570628BF712E00894C0C /* Views */,
				8769DD5A28C0B4E9009C8566 /* ImageView */,
				8769DD5D28C0BE57009C8566 /* Users */,
				87C256F928BF70B000894C0C /* Assets.xcassets */,
				87C256FB28BF70B000894C0C /* LaunchScreen.storyboard */,
				87C256FE28BF70B000894C0C /* Info.plist */,
				87C2570428BF70FA00894C0C /* Delegates */,
			);
			path = NetwoorkApp;
			sourceTree = "<group>";
		};
		87C2570428BF70FA00894C0C /* Delegates */ = {
			isa = PBXGroup;
			children = (
				87C256F028BF70AA00894C0C /* AppDelegate.swift */,
				87C256F228BF70AA00894C0C /* SceneDelegate.swift */,
			);
			path = Delegates;
			sourceTree = "<group>";
		};
		87C2570528BF712400894C0C /* Conrollers */ = {
			isa = PBXGroup;
			children = (
				8769DD5928C0B481009C8566 /* Actions */,
			);
			path = Conrollers;
			sourceTree = "<group>";
		};
		87C2570628BF712E00894C0C /* Views */ = {
			isa = PBXGroup;
			children = (
				87C256F628BF70AA00894C0C /* Main.storyboard */,
			);
			path = Views;
			sourceTree = "<group>";
		};
/* End PBXGroup section */

/* Begin PBXNativeTarget section */
		87C256EC28BF70AA00894C0C /* NetwoorkApp */ = {
			isa = PBXNativeTarget;
			buildConfigurationList = 87C2570128BF70B000894C0C /* Build configuration list for PBXNativeTarget "NetwoorkApp" */;
			buildPhases = (
				87C256E928BF70AA00894C0C /* Sources */,
				87C256EA28BF70AA00894C0C /* Frameworks */,
				87C256EB28BF70AA00894C0C /* Resources */,
			);
			buildRules = (
			);
			dependencies = (
			);
			name = NetwoorkApp;
			productName = NetwoorkApp;
			productReference = 87C256ED28BF70AA00894C0C /* NetwoorkApp.app */;
			productType = "com.apple.product-type.application";
		};
/* End PBXNativeTarget section */

/* Begin PBXProject section */
		87C256E528BF70AA00894C0C /* Project object */ = {
			isa = PBXProject;
			attributes = {
				BuildIndependentTargetsInParallel = 1;
				LastSwiftUpdateCheck = 1340;
				LastUpgradeCheck = 1340;
				TargetAttributes = {
					87C256EC28BF70AA00894C0C = {
						CreatedOnToolsVersion = 13.4.1;
					};
				};
			};
			buildConfigurationList = 87C256E828BF70AA00894C0C /* Build configuration list for PBXProject "NetwoorkApp" */;
			compatibilityVersion = "Xcode 13.0";
			developmentRegion = en;
			hasScannedForEncodings = 0;
			knownRegions = (
				en,
				Base,
			);
			mainGroup = 87C256E428BF70AA00894C0C;
			productRefGroup = 87C256EE28BF70AA00894C0C /* Products */;
			projectDirPath = "";
			projectRoot = "";
			targets = (
				87C256EC28BF70AA00894C0C /* NetwoorkApp */,
			);
		};
/* End PBXProject section */

/* Begin PBXResourcesBuildPhase section */
		87C256EB28BF70AA00894C0C /* Resources */ = {
			isa = PBXResourcesBuildPhase;
			buildActionMask = 2147483647;
			files = (
				87C256FD28BF70B000894C0C /* LaunchScreen.storyboard in Resources */,
				87C256FA28BF70B000894C0C /* Assets.xcassets in Resources */,
				87C256F828BF70AA00894C0C /* Main.storyboard in Resources */,
			);
			runOnlyForDeploymentPostprocessing = 0;
		};
/* End PBXResourcesBuildPhase section */

/* Begin PBXSourcesBuildPhase section */
		87C256E928BF70AA00894C0C /* Sources */ = {
			isa = PBXSourcesBuildPhase;
			buildActionMask = 2147483647;
			files = (
				8769DD5628C0A9C8009C8566 /* ActionsCollectionVC.swift in Sources */,
				87C256F128BF70AA00894C0C /* AppDelegate.swift in Sources */,
				8769DD6128C0BFC6009C8566 /* UsersTVC.swift in Sources */,
				8769DD5C28C0B529009C8566 /* ImageVC.swift in Sources */,
				8769DD5828C0AAF8009C8566 /* ActionCollectionViewCell.swift in Sources */,
				87C256F328BF70AA00894C0C /* SceneDelegate.swift in Sources */,
				8769DD6328C0C1EA009C8566 /* Models.swift in Sources */,
			);
			runOnlyForDeploymentPostprocessing = 0;
		};
/* End PBXSourcesBuildPhase section */

/* Begin PBXVariantGroup section */
		87C256F628BF70AA00894C0C /* Main.storyboard */ = {
			isa = PBXVariantGroup;
			children = (
				87C256F728BF70AA00894C0C /* Base */,
			);
			name = Main.storyboard;
			sourceTree = "<group>";
		};
		87C256FB28BF70B000894C0C /* LaunchScreen.storyboard */ = {
			isa = PBXVariantGroup;
			children = (
				87C256FC28BF70B000894C0C /* Base */,
			);
			name = LaunchScreen.storyboard;
			sourceTree = "<group>";
		};
/* End PBXVariantGroup section */

/* Begin XCBuildConfiguration section */
		87C256FF28BF70B000894C0C /* Debug */ = {
			isa = XCBuildConfiguration;
			buildSettings = {
				ALWAYS_SEARCH_USER_PATHS = NO;
				CLANG_ANALYZER_NONNULL = YES;
				CLANG_ANALYZER_NUMBER_OBJECT_CONVERSION = YES_AGGRESSIVE;
				CLANG_CXX_LANGUAGE_STANDARD = "gnu++17";
				CLANG_ENABLE_MODULES = YES;
				CLANG_ENABLE_OBJC_ARC = YES;
				CLANG_ENABLE_OBJC_WEAK = YES;
				CLANG_WARN_BLOCK_CAPTURE_AUTORELEASING = YES;
				CLANG_WARN_BOOL_CONVERSION = YES;
				CLANG_WARN_COMMA = YES;
				CLANG_WARN_CONSTANT_CONVERSION = YES;
				CLANG_WARN_DEPRECATED_OBJC_IMPLEMENTATIONS = YES;
				CLANG_WARN_DIRECT_OBJC_ISA_USAGE = YES_ERROR;
				CLANG_WARN_DOCUMENTATION_COMMENTS = YES;
				CLANG_WARN_EMPTY_BODY = YES;
				CLANG_WARN_ENUM_CONVERSION = YES;
				CLANG_WARN_INFINITE_RECURSION = YES;
				CLANG_WARN_INT_CONVERSION = YES;
				CLANG_WARN_NON_LITERAL_NULL_CONVERSION = YES;
				CLANG_WARN_OBJC_IMPLICIT_RETAIN_SELF = YES;
				CLANG_WARN_OBJC_LITERAL_CONVERSION = YES;
				CLANG_WARN_OBJC_ROOT_CLASS = YES_ERROR;
				CLANG_WARN_QUOTED_INCLUDE_IN_FRAMEWORK_HEADER = YES;
				CLANG_WARN_RANGE_LOOP_ANALYSIS = YES;
				CLANG_WARN_STRICT_PROTOTYPES = YES;
				CLANG_WARN_SUSPICIOUS_MOVE = YES;
				CLANG_WARN_UNGUARDED_AVAILABILITY = YES_AGGRESSIVE;
				CLANG_WARN_UNREACHABLE_CODE = YES;
				CLANG_WARN__DUPLICATE_METHOD_MATCH = YES;
				COPY_PHASE_STRIP = NO;
				DEBUG_INFORMATION_FORMAT = dwarf;
				ENABLE_STRICT_OBJC_MSGSEND = YES;
				ENABLE_TESTABILITY = YES;
				GCC_C_LANGUAGE_STANDARD = gnu11;
				GCC_DYNAMIC_NO_PIC = NO;
				GCC_NO_COMMON_BLOCKS = YES;
				GCC_OPTIMIZATION_LEVEL = 0;
				GCC_PREPROCESSOR_DEFINITIONS = (
					"DEBUG=1",
					"$(inherited)",
				);
				GCC_WARN_64_TO_32_BIT_CONVERSION = YES;
				GCC_WARN_ABOUT_RETURN_TYPE = YES_ERROR;
				GCC_WARN_UNDECLARED_SELECTOR = YES;
				GCC_WARN_UNINITIALIZED_AUTOS = YES_AGGRESSIVE;
				GCC_WARN_UNUSED_FUNCTION = YES;
				GCC_WARN_UNUSED_VARIABLE = YES;
				IPHONEOS_DEPLOYMENT_TARGET = 15.5;
				MTL_ENABLE_DEBUG_INFO = INCLUDE_SOURCE;
				MTL_FAST_MATH = YES;
				ONLY_ACTIVE_ARCH = YES;
				SDKROOT = iphoneos;
				SWIFT_ACTIVE_COMPILATION_CONDITIONS = DEBUG;
				SWIFT_OPTIMIZATION_LEVEL = "-Onone";
			};
			name = Debug;
		};
		87C2570028BF70B000894C0C /* Release */ = {
			isa = XCBuildConfiguration;
			buildSettings = {
				ALWAYS_SEARCH_USER_PATHS = NO;
				CLANG_ANALYZER_NONNULL = YES;
				CLANG_ANALYZER_NUMBER_OBJECT_CONVERSION = YES_AGGRESSIVE;
				CLANG_CXX_LANGUAGE_STANDARD = "gnu++17";
				CLANG_ENABLE_MODULES = YES;
				CLANG_ENABLE_OBJC_ARC = YES;
				CLANG_ENABLE_OBJC_WEAK = YES;
				CLANG_WARN_BLOCK_CAPTURE_AUTORELEASING = YES;
				CLANG_WARN_BOOL_CONVERSION = YES;
				CLANG_WARN_COMMA = YES;
				CLANG_WARN_CONSTANT_CONVERSION = YES;
				CLANG_WARN_DEPRECATED_OBJC_IMPLEMENTATIONS = YES;
				CLANG_WARN_DIRECT_OBJC_ISA_USAGE = YES_ERROR;
				CLANG_WARN_DOCUMENTATION_COMMENTS = YES;
				CLANG_WARN_EMPTY_BODY = YES;
				CLANG_WARN_ENUM_CONVERSION = YES;
				CLANG_WARN_INFINITE_RECURSION = YES;
				CLANG_WARN_INT_CONVERSION = YES;
				CLANG_WARN_NON_LITERAL_NULL_CONVERSION = YES;
				CLANG_WARN_OBJC_IMPLICIT_RETAIN_SELF = YES;
				CLANG_WARN_OBJC_LITERAL_CONVERSION = YES;
				CLANG_WARN_OBJC_ROOT_CLASS = YES_ERROR;
				CLANG_WARN_QUOTED_INCLUDE_IN_FRAMEWORK_HEADER = YES;
				CLANG_WARN_RANGE_LOOP_ANALYSIS = YES;
				CLANG_WARN_STRICT_PROTOTYPES = YES;
				CLANG_WARN_SUSPICIOUS_MOVE = YES;
				CLANG_WARN_UNGUARDED_AVAILABILITY = YES_AGGRESSIVE;
				CLANG_WARN_UNREACHABLE_CODE = YES;
				CLANG_WARN__DUPLICATE_METHOD_MATCH = YES;
				COPY_PHASE_STRIP = NO;
				DEBUG_INFORMATION_FORMAT = "dwarf-with-dsym";
				ENABLE_NS_ASSERTIONS = NO;
				ENABLE_STRICT_OBJC_MSGSEND = YES;
				GCC_C_LANGUAGE_STANDARD = gnu11;
				GCC_NO_COMMON_BLOCKS = YES;
				GCC_WARN_64_TO_32_BIT_CONVERSION = YES;
				GCC_WARN_ABOUT_RETURN_TYPE = YES_ERROR;
				GCC_WARN_UNDECLARED_SELECTOR = YES;
				GCC_WARN_UNINITIALIZED_AUTOS = YES_AGGRESSIVE;
				GCC_WARN_UNUSED_FUNCTION = YES;
				GCC_WARN_UNUSED_VARIABLE = YES;
				IPHONEOS_DEPLOYMENT_TARGET = 15.5;
				MTL_ENABLE_DEBUG_INFO = NO;
				MTL_FAST_MATH = YES;
				SDKROOT = iphoneos;
				SWIFT_COMPILATION_MODE = wholemodule;
				SWIFT_OPTIMIZATION_LEVEL = "-O";
				VALIDATE_PRODUCT = YES;
			};
			name = Release;
		};
		87C2570228BF70B000894C0C /* Debug */ = {
			isa = XCBuildConfiguration;
			buildSettings = {
				ASSETCATALOG_COMPILER_APPICON_NAME = AppIcon;
				ASSETCATALOG_COMPILER_GLOBAL_ACCENT_COLOR_NAME = AccentColor;
				CODE_SIGN_STYLE = Automatic;
				CURRENT_PROJECT_VERSION = 1;
				DEVELOPMENT_TEAM = D7N23SVPNV;
				GENERATE_INFOPLIST_FILE = YES;
				INFOPLIST_FILE = NetwoorkApp/Info.plist;
				INFOPLIST_KEY_UIApplicationSupportsIndirectInputEvents = YES;
				INFOPLIST_KEY_UILaunchStoryboardName = LaunchScreen;
				INFOPLIST_KEY_UIMainStoryboardFile = Main;
				INFOPLIST_KEY_UISupportedInterfaceOrientations_iPad = "UIInterfaceOrientationPortrait UIInterfaceOrientationPortraitUpsideDown UIInterfaceOrientationLandscapeLeft UIInterfaceOrientationLandscapeRight";
				INFOPLIST_KEY_UISupportedInterfaceOrientations_iPhone = "UIInterfaceOrientationPortrait UIInterfaceOrientationLandscapeLeft UIInterfaceOrientationLandscapeRight";
				LD_RUNPATH_SEARCH_PATHS = (
					"$(inherited)",
					"@executable_path/Frameworks",
				);
				MARKETING_VERSION = 1.0;
				PRODUCT_BUNDLE_IDENTIFIER = sergey.NetwoorkApp;
				PRODUCT_NAME = "$(TARGET_NAME)";
				SWIFT_EMIT_LOC_STRINGS = YES;
				SWIFT_VERSION = 5.0;
				TARGETED_DEVICE_FAMILY = "1,2";
			};
			name = Debug;
		};
		87C2570328BF70B000894C0C /* Release */ = {
			isa = XCBuildConfiguration;
			buildSettings = {
				ASSETCATALOG_COMPILER_APPICON_NAME = AppIcon;
				ASSETCATALOG_COMPILER_GLOBAL_ACCENT_COLOR_NAME = AccentColor;
				CODE_SIGN_STYLE = Automatic;
				CURRENT_PROJECT_VERSION = 1;
				DEVELOPMENT_TEAM = D7N23SVPNV;
				GENERATE_INFOPLIST_FILE = YES;
				INFOPLIST_FILE = NetwoorkApp/Info.plist;
				INFOPLIST_KEY_UIApplicationSupportsIndirectInputEvents = YES;
				INFOPLIST_KEY_UILaunchStoryboardName = LaunchScreen;
				INFOPLIST_KEY_UIMainStoryboardFile = Main;
				INFOPLIST_KEY_UISupportedInterfaceOrientations_iPad = "UIInterfaceOrientationPortrait UIInterfaceOrientationPortraitUpsideDown UIInterfaceOrientationLandscapeLeft UIInterfaceOrientationLandscapeRight";
				INFOPLIST_KEY_UISupportedInterfaceOrientations_iPhone = "UIInterfaceOrientationPortrait UIInterfaceOrientationLandscapeLeft UIInterfaceOrientationLandscapeRight";
				LD_RUNPATH_SEARCH_PATHS = (
					"$(inherited)",
					"@executable_path/Frameworks",
				);
				MARKETING_VERSION = 1.0;
				PRODUCT_BUNDLE_IDENTIFIER = sergey.NetwoorkApp;
				PRODUCT_NAME = "$(TARGET_NAME)";
				SWIFT_EMIT_LOC_STRINGS = YES;
				SWIFT_VERSION = 5.0;
				TARGETED_DEVICE_FAMILY = "1,2";
			};
			name = Release;
		};
/* End XCBuildConfiguration section */

/* Begin XCConfigurationList section */
		87C256E828BF70AA00894C0C /* Build configuration list for PBXProject "NetwoorkApp" */ = {
			isa = XCConfigurationList;
			buildConfigurations = (
				87C256FF28BF70B000894C0C /* Debug */,
				87C2570028BF70B000894C0C /* Release */,
			);
			defaultConfigurationIsVisible = 0;
			defaultConfigurationName = Release;
		};
		87C2570128BF70B000894C0C /* Build configuration list for PBXNativeTarget "NetwoorkApp" */ = {
			isa = XCConfigurationList;
			buildConfigurations = (
				87C2570228BF70B000894C0C /* Debug */,
				87C2570328BF70B000894C0C /* Release */,
			);
			defaultConfigurationIsVisible = 0;
			defaultConfigurationName = Release;
		};
/* End XCConfigurationList section */
	};
	rootObject = 87C256E528BF70AA00894C0C /* Project object */;
}
